{
    "_readme": [
        "This file locks the dependencies of your project to a known state",
        "Read more about it at https://getcomposer.org/doc/01-basic-usage.md#composer-lock-the-lock-file",
        "This file is @generated automatically"
    ],
    "hash": "62f8de42d1ca2a63490a687c141e9fb8",
    "content-hash": "f61eb5576dba8d8da497d908c48fe97e",
    "packages": [],
    "packages-dev": [],
    "aliases": [],
    "minimum-stability": "stable",
    "stability-flags": [],
    "prefer-stable": false,
    "prefer-lowest": false,
    "platform": {
        "php": ">=5.3.7",
        "ext-pdo_sqlite": "*"
    },
    "platform-dev": []
}
